
Microsoft Visual Studio Solution File, Format Version 12.00
Project("{FAE04EC0-301F-11D3-BF4B-00C04F79EFBC}") = "Apibackend", "Apibackend\Apibackend.csproj", "{AC75A9F0-F1C1-4701-84C4-BD01B38E3616}"
EndProject
Project("{FAE04EC0-301F-11D3-BF4B-00C04F79EFBC}") = "SongApiTest", "SongApiTest\SongApiTest.csproj", "{130F348E-F7A8-4299-B72A-BCC67334FC76}"
EndProject
Project("{FAE04EC0-301F-11D3-BF4B-00C04F79EFBC}") = "Logic", "Logic\Logic.csproj", "{F36EE13D-7D75-4C58-8B9C-D2D18A0E4370}"
EndProject
Project("{FAE04EC0-301F-11D3-BF4B-00C04F79EFBC}") = "DAL", "DAL\DAL.csproj", "{52AA0D72-C499-4899-86BC-7E1356DE3689}"
EndProject
Project("{FAE04EC0-301F-11D3-BF4B-00C04F79EFBC}") = "Models", "Models\Models.csproj", "{B79B6D66-FAC0-43E4-98E8-B3034EAF0D01}"
EndProject
Project("{FAE04EC0-301F-11D3-BF4B-00C04F79EFBC}") = "SongDALTest", "SongDALTest\SongDALTest.csproj", "{2B1800D1-5A5F-4C03-866F-7189B1EC3388}"
EndProject
Global
	GlobalSection(SolutionConfigurationPlatforms) = preSolution
		Debug|Any CPU = Debug|Any CPU
		Release|Any CPU = Release|Any CPU
	EndGlobalSection
	GlobalSection(ProjectConfigurationPlatforms) = postSolution
		{AC75A9F0-F1C1-4701-84C4-BD01B38E3616}.Debug|Any CPU.ActiveCfg = Debug|Any CPU
		{AC75A9F0-F1C1-4701-84C4-BD01B38E3616}.Debug|Any CPU.Build.0 = Debug|Any CPU
		{AC75A9F0-F1C1-4701-84C4-BD01B38E3616}.Release|Any CPU.ActiveCfg = Release|Any CPU
		{AC75A9F0-F1C1-4701-84C4-BD01B38E3616}.Release|Any CPU.Build.0 = Release|Any CPU
		{130F348E-F7A8-4299-B72A-BCC67334FC76}.Debug|Any CPU.ActiveCfg = Debug|Any CPU
		{130F348E-F7A8-4299-B72A-BCC67334FC76}.Debug|Any CPU.Build.0 = Debug|Any CPU
		{130F348E-F7A8-4299-B72A-BCC67334FC76}.Release|Any CPU.ActiveCfg = Release|Any CPU
		{130F348E-F7A8-4299-B72A-BCC67334FC76}.Release|Any CPU.Build.0 = Release|Any CPU
		{F36EE13D-7D75-4C58-8B9C-D2D18A0E4370}.Debug|Any CPU.ActiveCfg = Debug|Any CPU
		{F36EE13D-7D75-4C58-8B9C-D2D18A0E4370}.Debug|Any CPU.Build.0 = Debug|Any CPU
		{F36EE13D-7D75-4C58-8B9C-D2D18A0E4370}.Release|Any CPU.ActiveCfg = Release|Any CPU
		{F36EE13D-7D75-4C58-8B9C-D2D18A0E4370}.Release|Any CPU.Build.0 = Release|Any CPU
		{52AA0D72-C499-4899-86BC-7E1356DE3689}.Debug|Any CPU.ActiveCfg = Debug|Any CPU
		{52AA0D72-C499-4899-86BC-7E1356DE3689}.Debug|Any CPU.Build.0 = Debug|Any CPU
		{52AA0D72-C499-4899-86BC-7E1356DE3689}.Release|Any CPU.ActiveCfg = Release|Any CPU
		{52AA0D72-C499-4899-86BC-7E1356DE3689}.Release|Any CPU.Build.0 = Release|Any CPU
		{B79B6D66-FAC0-43E4-98E8-B3034EAF0D01}.Debug|Any CPU.ActiveCfg = Debug|Any CPU
		{B79B6D66-FAC0-43E4-98E8-B3034EAF0D01}.Debug|Any CPU.Build.0 = Debug|Any CPU
		{B79B6D66-FAC0-43E4-98E8-B3034EAF0D01}.Release|Any CPU.ActiveCfg = Release|Any CPU
		{B79B6D66-FAC0-43E4-98E8-B3034EAF0D01}.Release|Any CPU.Build.0 = Release|Any CPU
		{2B1800D1-5A5F-4C03-866F-7189B1EC3388}.Debug|Any CPU.ActiveCfg = Debug|Any CPU
		{2B1800D1-5A5F-4C03-866F-7189B1EC3388}.Debug|Any CPU.Build.0 = Debug|Any CPU
		{2B1800D1-5A5F-4C03-866F-7189B1EC3388}.Release|Any CPU.ActiveCfg = Release|Any CPU
		{2B1800D1-5A5F-4C03-866F-7189B1EC3388}.Release|Any CPU.Build.0 = Release|Any CPU
	EndGlobalSection
EndGlobal
